<?xml version="1.0" encoding="utf-8"?>
<Project ToolsVersion="4.0" xmlns="http://schemas.microsoft.com/developer/msbuild/2003">
  <ItemGroup>
    <Filter Include="Source Files">
      <UniqueIdentifier>{4FC737F1-C7A5-4376-A066-2A32D752A2FF}</UniqueIdentifier>
      <Extensions>cpp;c;cc;cxx;c++;cppm;ixx;def;odl;idl;hpj;bat;asm;asmx</Extensions>
    </Filter>
    <Filter Include="Toolbar">
      <UniqueIdentifier>{1e3ab1ca-a5bb-4600-b3cd-e12d28dcde59}</UniqueIdentifier>
    </Filter>
    <Filter Include="DataStructures">
      <UniqueIdentifier>{f62ba81c-4f64-40c6-89e8-376b5754af32}</UniqueIdentifier>
    </Filter>
    <Filter Include="Toolbar\FilesystemInterface">
      <UniqueIdentifier>{4a5fd394-f3d4-4475-99bd-77cd30e306c9}</UniqueIdentifier>
    </Filter>
    <Filter Include="Toolbar\UI">
      <UniqueIdentifier>{61560b13-b977-4b21-bbeb-dc6bffa62843}</UniqueIdentifier>
    </Filter>
    <Filter Include="Toolbar\UI\Buttons">
      <UniqueIdentifier>{b9cf01a8-e71c-4ccd-b10e-80509629dae0}</UniqueIdentifier>
    </Filter>
    <Filter Include="Toolbar\UI\Buttons\CircleTool">
      <UniqueIdentifier>{2745e1cc-c27e-4c73-9e54-4525933cfe55}</UniqueIdentifier>
    </Filter>
    <Filter Include="Toolbar\UI\Buttons\RectangleTool">
      <UniqueIdentifier>{a3d08bf8-c560-4975-b2fd-90a3c05f3a19}</UniqueIdentifier>
    </Filter>
    <Filter Include="Toolbar\UI\Buttons\LineTool">
      <UniqueIdentifier>{db5e4c34-e425-4ad7-8b71-9b15f5102136}</UniqueIdentifier>
    </Filter>
    <Filter Include="Toolbar\UI\Buttons\LineTool\LineThicknessButtons">
      <UniqueIdentifier>{8f074a3b-29f2-4e95-a156-3d0c0ad8554f}</UniqueIdentifier>
    </Filter>
    <Filter Include="Toolbar\UI\Buttons\Save/Load">
      <UniqueIdentifier>{ae0c26e7-9128-426e-bcc6-dceb771d4f73}</UniqueIdentifier>
    </Filter>
    <Filter Include="Toolbar\UI\Buttons\PolygonTool">
      <UniqueIdentifier>{3afbf911-d365-4591-a1fd-846b2a7bfcbf}</UniqueIdentifier>
    </Filter>
    <Filter Include="Toolbar\UI\Toolbar">
      <UniqueIdentifier>{588a51ef-bb49-49f3-bc6b-6c65d1966e04}</UniqueIdentifier>
    </Filter>
    <Filter Include="Toolbar\UI\Buttons\StampTool">
      <UniqueIdentifier>{950c9ae4-29db-4a8c-bdcb-043681621cb4}</UniqueIdentifier>
    </Filter>
    <Filter Include="Toolbar\DrawTool">
      <UniqueIdentifier>{4de6afac-66af-4c5a-8523-fd90fc7f32dc}</UniqueIdentifier>
    </Filter>
    <Filter Include="Toolbar\DrawTool\Tools">
      <UniqueIdentifier>{888f103e-08c1-4c8d-9640-f37345eb5a8d}</UniqueIdentifier>
    </Filter>
    <Filter Include="Toolbar\DrawTool\Tools\RectangleTool">
      <UniqueIdentifier>{952f83bd-f0bb-46d3-9d13-62c43d9c66aa}</UniqueIdentifier>
    </Filter>
    <Filter Include="Toolbar\DrawTool\Tools\PolygonTool">
      <UniqueIdentifier>{5b07d4f2-976a-4849-bfca-3ea61a1808c8}</UniqueIdentifier>
    </Filter>
    <Filter Include="Toolbar\DrawTool\Tools\LineTool">
      <UniqueIdentifier>{8e49867a-b059-411f-914e-43dedc10e47e}</UniqueIdentifier>
    </Filter>
    <Filter Include="Toolbar\DrawTool\Tools\StampTool">
      <UniqueIdentifier>{aa2fcf66-9ae0-43b1-b83f-ececc1f7e80d}</UniqueIdentifier>
    </Filter>
    <Filter Include="Toolbar\DrawTool\Tools\CircleTool">
      <UniqueIdentifier>{1e8ad0df-b7ed-4771-abc2-d7dab8b45424}</UniqueIdentifier>
    </Filter>
    <Filter Include="BudgetColorPicker">
      <UniqueIdentifier>{4d3514a4-a8c6-47f6-bbab-6e2f825ef105}</UniqueIdentifier>
    </Filter>
    <Filter Include="Toolbar\UI\Buttons\ColorPicker">
      <UniqueIdentifier>{cef009d6-3c4e-4f85-b019-50326f55c812}</UniqueIdentifier>
    </Filter>
  </ItemGroup>
  <ItemGroup>
    <ClCompile Include="main.cpp">
      <Filter>Source Files</Filter>
    </ClCompile>
    <ClCompile Include="cButton.cpp">
      <Filter>Toolbar\UI\Buttons</Filter>
    </ClCompile>
    <ClCompile Include="cCircleToolButton.cpp">
      <Filter>Toolbar\UI\Buttons\CircleTool</Filter>
    </ClCompile>
    <ClCompile Include="cLineToolButton.cpp">
      <Filter>Toolbar\UI\Buttons\LineTool</Filter>
    </ClCompile>
    <ClCompile Include="cRectangleToolButton.cpp">
      <Filter>Toolbar\UI\Buttons\RectangleTool</Filter>
    </ClCompile>
    <ClCompile Include="cColorPicker.cpp">
      <Filter>BudgetColorPicker</Filter>
    </ClCompile>
    <ClCompile Include="cSaveButton.cpp">
      <Filter>Toolbar\UI\Buttons\Save/Load</Filter>
    </ClCompile>
    <ClCompile Include="cLoadButton.cpp">
      <Filter>Toolbar\UI\Buttons\Save/Load</Filter>
    </ClCompile>
    <ClCompile Include="cLineThicknessPositiveButton.cpp">
      <Filter>Toolbar\UI\Buttons\LineTool\LineThicknessButtons</Filter>
    </ClCompile>
    <ClCompile Include="cLineThicknessNegativeButton.cpp">
      <Filter>Toolbar\UI\Buttons\LineTool\LineThicknessButtons</Filter>
    </ClCompile>
    <ClCompile Include="cList.cpp">
      <Filter>DataStructures</Filter>
    </ClCompile>
    <ClCompile Include="cNode.cpp">
      <Filter>DataStructures</Filter>
    </ClCompile>
    <ClCompile Include="cFileInterface.cpp">
      <Filter>Toolbar\FilesystemInterface</Filter>
    </ClCompile>
    <ClCompile Include="cEditorDrawTool.cpp">
      <Filter>Toolbar\DrawTool</Filter>
    </ClCompile>
    <ClCompile Include="cRectangleTool.cpp">
      <Filter>Toolbar\DrawTool\Tools\RectangleTool</Filter>
    </ClCompile>
    <ClCompile Include="cPolygonTool.cpp">
      <Filter>Toolbar\DrawTool\Tools\PolygonTool</Filter>
    </ClCompile>
    <ClCompile Include="cLineTool.cpp">
      <Filter>Toolbar\DrawTool\Tools\LineTool</Filter>
    </ClCompile>
    <ClCompile Include="cPolygonToolButton.cpp">
      <Filter>Toolbar\UI\Buttons\PolygonTool</Filter>
    </ClCompile>
    <ClCompile Include="cToolbar.cpp">
      <Filter>Toolbar\UI\Toolbar</Filter>
    </ClCompile>
    <ClCompile Include="cStampToolButton.cpp">
      <Filter>Toolbar\UI\Buttons\StampTool</Filter>
    </ClCompile>
    <ClCompile Include="cStampTool.cpp">
      <Filter>Toolbar\DrawTool\Tools\StampTool</Filter>
    </ClCompile>
    <ClCompile Include="cCircleTool.cpp">
      <Filter>Toolbar\DrawTool\Tools\CircleTool</Filter>
    </ClCompile>
    <ClCompile Include="cColorPickerButton.cpp">
      <Filter>Toolbar\UI\Buttons\ColorPicker</Filter>
    </ClCompile>
  </ItemGroup>
  <ItemGroup>
    <ClInclude Include="cButton.h">
      <Filter>Toolbar\UI\Buttons</Filter>
    </ClInclude>
    <ClInclude Include="cCircleToolButton.h">
      <Filter>Toolbar\UI\Buttons\CircleTool</Filter>
    </ClInclude>
    <ClInclude Include="cLineToolButton.h">
      <Filter>Toolbar\UI\Buttons\LineTool</Filter>
    </ClInclude>
    <ClInclude Include="cRectangleToolButton.h">
      <Filter>Toolbar\UI\Buttons\RectangleTool</Filter>
    </ClInclude>
    <ClInclude Include="cColorPicker.h">
      <Filter>BudgetColorPicker</Filter>
    </ClInclude>
    <ClInclude Include="cSaveButton.h">
      <Filter>Toolbar\UI\Buttons\Save/Load</Filter>
    </ClInclude>
    <ClInclude Include="cLoadButton.h">
      <Filter>Toolbar\UI\Buttons\Save/Load</Filter>
    </ClInclude>
    <ClInclude Include="cLineThicknessPositiveButton.h">
      <Filter>Toolbar\UI\Buttons\LineTool\LineThicknessButtons</Filter>
    </ClInclude>
    <ClInclude Include="cLineThicknessNegativeButton.h">
      <Filter>Toolbar\UI\Buttons\LineTool\LineThicknessButtons</Filter>
    </ClInclude>
    <ClInclude Include="cNode.h">
      <Filter>DataStructures</Filter>
    </ClInclude>
    <ClInclude Include="cList.h">
      <Filter>DataStructures</Filter>
    </ClInclude>
    <ClInclude Include="cFileInterface.h">
      <Filter>Toolbar\FilesystemInterface</Filter>
    </ClInclude>
    <ClInclude Include="cEditorDrawTool.h">
      <Filter>Toolbar\DrawTool</Filter>
    </ClInclude>
    <ClInclude Include="cRectangleTool.h">
      <Filter>Toolbar\DrawTool\Tools\RectangleTool</Filter>
    </ClInclude>
    <ClInclude Include="cPolygonTool.h">
      <Filter>Toolbar\DrawTool\Tools\PolygonTool</Filter>
    </ClInclude>
    <ClInclude Include="cLineTool.h">
      <Filter>Toolbar\DrawTool\Tools\LineTool</Filter>
    </ClInclude>
    <ClInclude Include="cPolygonToolButton.h">
      <Filter>Toolbar\UI\Buttons\PolygonTool</Filter>
    </ClInclude>
    <ClInclude Include="cToolbar.h">
      <Filter>Toolbar\UI\Toolbar</Filter>
    </ClInclude>
    <ClInclude Include="cStampToolButton.h">
      <Filter>Toolbar\UI\Buttons\StampTool</Filter>
    </ClInclude>
    <ClInclude Include="cStampTool.h">
      <Filter>Toolbar\DrawTool\Tools\StampTool</Filter>
    </ClInclude>
    <ClInclude Include="cCircleTool.h">
      <Filter>Toolbar\DrawTool\Tools\CircleTool</Filter>
    </ClInclude>
    <ClInclude Include="cColorPickerButton.h">
      <Filter>Toolbar\UI\Buttons\ColorPicker</Filter>
    </ClInclude>
  </ItemGroup>
</Project>