<?xml version="1.0" encoding="utf-8"?>
<Project ToolsVersion="4.0" xmlns="http://schemas.microsoft.com/developer/msbuild/2003">
  <ItemGroup>
    <Filter Include="Source Files">
      <UniqueIdentifier>{4FC737F1-C7A5-4376-A066-2A32D752A2FF}</UniqueIdentifier>
      <Extensions>cpp;c;cc;cxx;c++;cppm;ixx;def;odl;idl;hpj;bat;asm;asmx</Extensions>
    </Filter>
    <Filter Include="Header Files">
      <UniqueIdentifier>{93995380-89BD-4b04-88EB-625FBE52EBFB}</UniqueIdentifier>
      <Extensions>h;hh;hpp;hxx;h++;hm;inl;inc;ipp;xsd</Extensions>
    </Filter>
    <Filter Include="GameObjects">
      <UniqueIdentifier>{a2e5976e-5911-46cb-8098-77c1668cb540}</UniqueIdentifier>
    </Filter>
    <Filter Include="Animator">
      <UniqueIdentifier>{8ad6cc16-d5e0-429c-89f1-89a2ecddc7ff}</UniqueIdentifier>
    </Filter>
    <Filter Include="Animator\Animations">
      <UniqueIdentifier>{c69a08ec-b208-4412-a0c3-dd5062780e75}</UniqueIdentifier>
    </Filter>
    <Filter Include="Animator\Animations\Running">
      <UniqueIdentifier>{4b5324fa-3a92-441b-9613-6f2f8bb6503c}</UniqueIdentifier>
    </Filter>
    <Filter Include="Animator\Animations\Jumping">
      <UniqueIdentifier>{973db4f2-dbd9-452a-81ac-87262ef5ab6f}</UniqueIdentifier>
    </Filter>
    <Filter Include="Animator\Animations\Sliding">
      <UniqueIdentifier>{be402db4-f9a1-4857-b5e7-adbfc4ba6001}</UniqueIdentifier>
    </Filter>
    <Filter Include="Animator\Animations\Idle">
      <UniqueIdentifier>{b325a958-97cd-499c-9ad5-6d5cd04c17ee}</UniqueIdentifier>
    </Filter>
    <Filter Include="GameObjects\Components">
      <UniqueIdentifier>{1d03ac70-b4e9-42d6-b270-887b63b577c6}</UniqueIdentifier>
    </Filter>
    <Filter Include="GameObjects\Character">
      <UniqueIdentifier>{745473b4-3b85-4afe-965e-9ba51cc37f92}</UniqueIdentifier>
    </Filter>
    <Filter Include="GameObjects\Character\PlayerCharacter">
      <UniqueIdentifier>{11631855-183d-4cc7-b95b-a7de024f4c17}</UniqueIdentifier>
    </Filter>
    <Filter Include="UI">
      <UniqueIdentifier>{b7528980-bd45-4f06-9a1b-501e44b37183}</UniqueIdentifier>
    </Filter>
    <Filter Include="UI\Buttons">
      <UniqueIdentifier>{01a31c0b-0d7d-45ca-8bc1-39f65c7ec81f}</UniqueIdentifier>
    </Filter>
    <Filter Include="UI\Buttons\PlayButton">
      <UniqueIdentifier>{d2c770b7-6cc0-4360-963b-58bbdcdc0084}</UniqueIdentifier>
    </Filter>
    <Filter Include="LevelEditor">
      <UniqueIdentifier>{36147ed3-19e9-4516-8677-1f0d0eef9522}</UniqueIdentifier>
    </Filter>
    <Filter Include="LevelEditor\UI">
      <UniqueIdentifier>{5f5938c2-a11e-47b1-afda-6f1e9db33359}</UniqueIdentifier>
    </Filter>
    <Filter Include="LevelEditor\UI\Toolbar">
      <UniqueIdentifier>{6266aa6f-6189-4da4-9796-97fd057580d5}</UniqueIdentifier>
    </Filter>
    <Filter Include="LevelEditor\EditorDrawTool">
      <UniqueIdentifier>{2f7b3600-b4d1-40a3-81aa-2b21e95addd5}</UniqueIdentifier>
    </Filter>
    <Filter Include="LevelEditor\EditorDrawTool\Tools">
      <UniqueIdentifier>{dbc56521-79b7-447f-b0ea-0389a7d8c429}</UniqueIdentifier>
    </Filter>
    <Filter Include="LevelEditor\EditorDrawTool\Tools\Rectangle">
      <UniqueIdentifier>{c7d2b2c3-8a13-402e-b340-f1c830711a41}</UniqueIdentifier>
    </Filter>
    <Filter Include="GameObjects\LevelBlocks">
      <UniqueIdentifier>{776fb4e2-e257-4aaa-b9a0-ed02889267e0}</UniqueIdentifier>
    </Filter>
    <Filter Include="LevelEditor\UI\Toolbar\ToolButtonRect">
      <UniqueIdentifier>{4ab4122d-d4b3-41c8-a70a-556ddc082d33}</UniqueIdentifier>
    </Filter>
    <Filter Include="UI\Main Menu">
      <UniqueIdentifier>{44e97c88-4628-4a0c-959b-ec42068b20f7}</UniqueIdentifier>
    </Filter>
  </ItemGroup>
  <ItemGroup>
    <ClCompile Include="main.cpp">
      <Filter>Source Files</Filter>
    </ClCompile>
    <ClCompile Include="cGameManager.cpp">
      <Filter>Source Files</Filter>
    </ClCompile>
    <ClCompile Include="cPhysicsObject.h">
      <Filter>GameObjects</Filter>
    </ClCompile>
    <ClCompile Include="cPlayerCharacter.cpp">
      <Filter>GameObjects\Character\PlayerCharacter</Filter>
    </ClCompile>
    <ClCompile Include="cAnimator.cpp">
      <Filter>Animator</Filter>
    </ClCompile>
    <ClCompile Include="cAnimationRunning.cpp">
      <Filter>Animator\Animations\Running</Filter>
    </ClCompile>
    <ClCompile Include="cAnimation.cpp">
      <Filter>Animator\Animations</Filter>
    </ClCompile>
    <ClCompile Include="cAnimationJumping.cpp">
      <Filter>Animator\Animations\Jumping</Filter>
    </ClCompile>
    <ClCompile Include="cAnimationIdle.cpp">
      <Filter>Animator\Animations\Idle</Filter>
    </ClCompile>
    <ClCompile Include="cAnimationSliding.cpp">
      <Filter>Animator\Animations\Sliding</Filter>
    </ClCompile>
    <ClCompile Include="cPlayerInput.cpp">
      <Filter>GameObjects\Components</Filter>
    </ClCompile>
    <ClCompile Include="cDrawable.cpp">
      <Filter>GameObjects\Components</Filter>
    </ClCompile>
    <ClCompile Include="cBoxCollider.cpp">
      <Filter>GameObjects\Components</Filter>
    </ClCompile>
    <ClCompile Include="cPlatformRect.cpp">
      <Filter>GameObjects\LevelBlocks</Filter>
    </ClCompile>
    <ClCompile Include="cCharacter.cpp">
      <Filter>GameObjects\Character</Filter>
    </ClCompile>
    <ClCompile Include="cPhysicsObject.cpp">
      <Filter>GameObjects</Filter>
    </ClCompile>
    <ClCompile Include="cButtonUI.cpp">
      <Filter>UI\Buttons</Filter>
    </ClCompile>
    <ClCompile Include="cPlayButtonUI.cpp">
      <Filter>UI\Buttons\PlayButton</Filter>
    </ClCompile>
    <ClCompile Include="cEditorToolbarUI.cpp">
      <Filter>LevelEditor\UI\Toolbar</Filter>
    </ClCompile>
    <ClCompile Include="cEditorDrawTool.cpp">
      <Filter>LevelEditor\EditorDrawTool</Filter>
    </ClCompile>
    <ClCompile Include="cRectPlatformTool.cpp">
      <Filter>LevelEditor\EditorDrawTool\Tools\Rectangle</Filter>
    </ClCompile>
    <ClCompile Include="cBaseDrawTool.cpp">
      <Filter>LevelEditor\EditorDrawTool\Tools</Filter>
    </ClCompile>
    <ClCompile Include="cFileInterface.cpp">
      <Filter>Source Files</Filter>
    </ClCompile>
    <ClCompile Include="cRectPlatformToolButton.cpp">
      <Filter>LevelEditor\UI\Toolbar\ToolButtonRect</Filter>
    </ClCompile>
    <ClCompile Include="cLevelEditorManager.cpp">
      <Filter>LevelEditor</Filter>
    </ClCompile>
    <ClCompile Include="cMainMenu.cpp">
      <Filter>UI\Main Menu</Filter>
    </ClCompile>
    <ClCompile Include="cLevelPlatformsList.cpp">
      <Filter>Source Files</Filter>
    </ClCompile>
  </ItemGroup>
  <ItemGroup>
    <ClInclude Include="cGameManager.h">
      <Filter>Header Files</Filter>
    </ClInclude>
    <ClInclude Include="cGameObject.h">
      <Filter>GameObjects</Filter>
    </ClInclude>
    <ClInclude Include="cPlayerCharacter.h">
      <Filter>GameObjects\Character\PlayerCharacter</Filter>
    </ClInclude>
    <ClInclude Include="cAnimator.h">
      <Filter>Animator</Filter>
    </ClInclude>
    <ClInclude Include="cAnimation.h">
      <Filter>Animator\Animations</Filter>
    </ClInclude>
    <ClInclude Include="cAnimationRunning.h">
      <Filter>Animator\Animations\Running</Filter>
    </ClInclude>
    <ClInclude Include="cAnimationFalling.h">
      <Filter>Animator\Animations\Jumping</Filter>
    </ClInclude>
    <ClInclude Include="cAnimationJumping.h">
      <Filter>Animator\Animations\Jumping</Filter>
    </ClInclude>
    <ClInclude Include="cAnimationIdle.h">
      <Filter>Animator\Animations\Idle</Filter>
    </ClInclude>
    <ClInclude Include="cAnimationSliding.h">
      <Filter>Animator\Animations\Sliding</Filter>
    </ClInclude>
    <ClInclude Include="cPlayerInput.h">
      <Filter>GameObjects\Components</Filter>
    </ClInclude>
    <ClInclude Include="cDrawable.h">
      <Filter>GameObjects\Components</Filter>
    </ClInclude>
    <ClInclude Include="cBoxCollider.h">
      <Filter>GameObjects\Components</Filter>
    </ClInclude>
    <ClInclude Include="cPlatformRect.h">
      <Filter>GameObjects\LevelBlocks</Filter>
    </ClInclude>
    <ClInclude Include="cCharacter.h">
      <Filter>GameObjects\Character</Filter>
    </ClInclude>
    <ClInclude Include="cButtonUI.h">
      <Filter>UI\Buttons</Filter>
    </ClInclude>
    <ClInclude Include="cPlayButtonUI.h">
      <Filter>UI\Buttons\PlayButton</Filter>
    </ClInclude>
    <ClInclude Include="cEditorToolbarUI.h">
      <Filter>LevelEditor\UI\Toolbar</Filter>
    </ClInclude>
    <ClInclude Include="cEditorDrawTool.h">
      <Filter>LevelEditor\EditorDrawTool</Filter>
    </ClInclude>
    <ClInclude Include="cRectPlatformTool.h">
      <Filter>LevelEditor\EditorDrawTool\Tools\Rectangle</Filter>
    </ClInclude>
    <ClInclude Include="cBaseDrawTool.h">
      <Filter>LevelEditor\EditorDrawTool\Tools</Filter>
    </ClInclude>
    <ClInclude Include="cFileInterface.h">
      <Filter>Header Files</Filter>
    </ClInclude>
    <ClInclude Include="cRectPlatformToolButton.h">
      <Filter>LevelEditor\UI\Toolbar\ToolButtonRect</Filter>
    </ClInclude>
    <ClInclude Include="cLevelEditorManager.h">
      <Filter>LevelEditor</Filter>
    </ClInclude>
    <ClInclude Include="cMainMenu.h">
      <Filter>UI\Main Menu</Filter>
    </ClInclude>
    <ClInclude Include="cLevelPlatformsList.h">
      <Filter>Header Files</Filter>
    </ClInclude>
  </ItemGroup>
</Project>